
Microsoft Visual Studio Solution File, Format Version 12.00
# Visual Studio Version 16
VisualStudioVersion = 16.0.29403.142
MinimumVisualStudioVersion = 10.0.40219.1
Project("{FAE04EC0-301F-11D3-BF4B-00C04F79EFBC}") = "FirstTestProject", "FirstTestProject\FirstTestProject.csproj", "{0689620A-258F-45E7-9442-42744A32A117}"
EndProject
Global
	GlobalSection(SolutionConfigurationPlatforms) = preSolution
		Debug|Any CPU = Debug|Any CPU
		Release|Any CPU = Release|Any CPU
	EndGlobalSection
	GlobalSection(ProjectConfigurationPlatforms) = postSolution
		{0689620A-258F-45E7-9442-42744A32A117}.Debug|Any CPU.ActiveCfg = Debug|Any CPU
		{0689620A-258F-45E7-9442-42744A32A117}.Debug|Any CPU.Build.0 = Debug|Any CPU
		{0689620A-258F-45E7-9442-42744A32A117}.Release|Any CPU.ActiveCfg = Release|Any CPU
		{0689620A-258F-45E7-9442-42744A32A117}.Release|Any CPU.Build.0 = Release|Any CPU
	EndGlobalSection
	GlobalSection(SolutionProperties) = preSolution
		HideSolutionNode = FALSE
	EndGlobalSection
	GlobalSection(ExtensibilityGlobals) = postSolution
		SolutionGuid = {EB42E6CB-96C5-4EE9-B5DA-63991FC7B3F7}
	EndGlobalSection
EndGlobal
